
Microsoft Visual Studio Solution File, Format Version 12.00
# Visual Studio Version 17
VisualStudioVersion = 17.14.36408.4 d17.14
MinimumVisualStudioVersion = 10.0.40219.1
Project("{FAE04EC0-301F-11D3-BF4B-00C04F79EFBC}") = "Test_IF", "Test_IF\Test_IF.csproj", "{86B03523-335E-4401-B989-BE72AD6E72B1}"
EndProject
Global
	GlobalSection(SolutionConfigurationPlatforms) = preSolution
		Debug|Any CPU = Debug|Any CPU
		Release|Any CPU = Release|Any CPU
	EndGlobalSection
	GlobalSection(ProjectConfigurationPlatforms) = postSolution
		{86B03523-335E-4401-B989-BE72AD6E72B1}.Debug|Any CPU.ActiveCfg = Debug|Any CPU
		{86B03523-335E-4401-B989-BE72AD6E72B1}.Debug|Any CPU.Build.0 = Debug|Any CPU
		{86B03523-335E-4401-B989-BE72AD6E72B1}.Release|Any CPU.ActiveCfg = Release|Any CPU
		{86B03523-335E-4401-B989-BE72AD6E72B1}.Release|Any CPU.Build.0 = Release|Any CPU
	EndGlobalSection
	GlobalSection(SolutionProperties) = preSolution
		HideSolutionNode = FALSE
	EndGlobalSection
	GlobalSection(ExtensibilityGlobals) = postSolution
		SolutionGuid = {14C70718-5C47-4DCE-8293-1FB008B6CBAC}
	EndGlobalSection
EndGlobal
