
Microsoft Visual Studio Solution File, Format Version 12.00
# Visual Studio Version 17
VisualStudioVersion = 17.14.36414.22 d17.14
MinimumVisualStudioVersion = 10.0.40219.1
Project("{FAE04EC0-301F-11D3-BF4B-00C04F79EFBC}") = "Tema_15-IF_SWITCH", "Tema_15-IF_SWITCH\Tema_15-IF_SWITCH.csproj", "{4970E926-BC02-482A-8B37-43F9B6A2FC05}"
EndProject
Global
	GlobalSection(SolutionConfigurationPlatforms) = preSolution
		Debug|Any CPU = Debug|Any CPU
		Release|Any CPU = Release|Any CPU
	EndGlobalSection
	GlobalSection(ProjectConfigurationPlatforms) = postSolution
		{4970E926-BC02-482A-8B37-43F9B6A2FC05}.Debug|Any CPU.ActiveCfg = Debug|Any CPU
		{4970E926-BC02-482A-8B37-43F9B6A2FC05}.Debug|Any CPU.Build.0 = Debug|Any CPU
		{4970E926-BC02-482A-8B37-43F9B6A2FC05}.Release|Any CPU.ActiveCfg = Release|Any CPU
		{4970E926-BC02-482A-8B37-43F9B6A2FC05}.Release|Any CPU.Build.0 = Release|Any CPU
	EndGlobalSection
	GlobalSection(SolutionProperties) = preSolution
		HideSolutionNode = FALSE
	EndGlobalSection
	GlobalSection(ExtensibilityGlobals) = postSolution
		SolutionGuid = {9812D4FA-76BF-4F95-A602-74C56C882EDE}
	EndGlobalSection
EndGlobal
