
Microsoft Visual Studio Solution File, Format Version 12.00
# Visual Studio Version 17
VisualStudioVersion = 17.14.36408.4 d17.14
MinimumVisualStudioVersion = 10.0.40219.1
Project("{FAE04EC0-301F-11D3-BF4B-00C04F79EFBC}") = "OOP_procvicovani", "OOP_procvicovani\OOP_procvicovani.csproj", "{8C41EDE5-AFB8-420D-B466-99E87493A34F}"
EndProject
Global
	GlobalSection(SolutionConfigurationPlatforms) = preSolution
		Debug|Any CPU = Debug|Any CPU
		Release|Any CPU = Release|Any CPU
	EndGlobalSection
	GlobalSection(ProjectConfigurationPlatforms) = postSolution
		{8C41EDE5-AFB8-420D-B466-99E87493A34F}.Debug|Any CPU.ActiveCfg = Debug|Any CPU
		{8C41EDE5-AFB8-420D-B466-99E87493A34F}.Debug|Any CPU.Build.0 = Debug|Any CPU
		{8C41EDE5-AFB8-420D-B466-99E87493A34F}.Release|Any CPU.ActiveCfg = Release|Any CPU
		{8C41EDE5-AFB8-420D-B466-99E87493A34F}.Release|Any CPU.Build.0 = Release|Any CPU
	EndGlobalSection
	GlobalSection(SolutionProperties) = preSolution
		HideSolutionNode = FALSE
	EndGlobalSection
	GlobalSection(ExtensibilityGlobals) = postSolution
		SolutionGuid = {B6E4DCCD-B089-4EEE-8A54-E2345D8AD8F6}
	EndGlobalSection
EndGlobal
