
Microsoft Visual Studio Solution File, Format Version 12.00
# Visual Studio Version 17
VisualStudioVersion = 17.14.36408.4 d17.14
MinimumVisualStudioVersion = 10.0.40219.1
Project("{FAE04EC0-301F-11D3-BF4B-00C04F79EFBC}") = "Tema_17_OOP", "Tema_17_OOP\Tema_17_OOP.csproj", "{EDAD545B-07E3-4472-9928-AF6E1B37A298}"
EndProject
Global
	GlobalSection(SolutionConfigurationPlatforms) = preSolution
		Debug|Any CPU = Debug|Any CPU
		Release|Any CPU = Release|Any CPU
	EndGlobalSection
	GlobalSection(ProjectConfigurationPlatforms) = postSolution
		{EDAD545B-07E3-4472-9928-AF6E1B37A298}.Debug|Any CPU.ActiveCfg = Debug|Any CPU
		{EDAD545B-07E3-4472-9928-AF6E1B37A298}.Debug|Any CPU.Build.0 = Debug|Any CPU
		{EDAD545B-07E3-4472-9928-AF6E1B37A298}.Release|Any CPU.ActiveCfg = Release|Any CPU
		{EDAD545B-07E3-4472-9928-AF6E1B37A298}.Release|Any CPU.Build.0 = Release|Any CPU
	EndGlobalSection
	GlobalSection(SolutionProperties) = preSolution
		HideSolutionNode = FALSE
	EndGlobalSection
	GlobalSection(ExtensibilityGlobals) = postSolution
		SolutionGuid = {A4692675-EDE1-4F90-B38A-24F3B41FAA81}
	EndGlobalSection
EndGlobal
